<?xml version="1.0" encoding="utf-8"?>
<Project ToolsVersion="4.0" xmlns="http://schemas.microsoft.com/developer/msbuild/2003">
  <ItemGroup>
    <Filter Include="Source Files">
      <UniqueIdentifier>{4FC737F1-C7A5-4376-A066-2A32D752A2FF}</UniqueIdentifier>
      <Extensions>cpp;c;cc;cxx;def;odl;idl;hpj;bat;asm;asmx</Extensions>
    </Filter>
    <Filter Include="Header Files">
      <UniqueIdentifier>{93995380-89BD-4b04-88EB-625FBE52EBFB}</UniqueIdentifier>
      <Extensions>h;hh;hpp;hxx;hm;inl;inc;xsd</Extensions>
    </Filter>
    <Filter Include="Resource Files">
      <UniqueIdentifier>{67DA6AB6-F800-4c08-8B7A-83BB121AAD01}</UniqueIdentifier>
      <Extensions>rc;ico;cur;bmp;dlg;rc2;rct;bin;rgs;gif;jpg;jpeg;jpe;resx;tiff;tif;png;wav;mfcribbon-ms</Extensions>
    </Filter>
    <Filter Include="Source Files\Configurations">
      <UniqueIdentifier>{8cfa7e31-e0f7-44b7-9246-c6bf0fc99b59}</UniqueIdentifier>
    </Filter>
    <Filter Include="Source Files\Matching">
      <UniqueIdentifier>{22fc3c29-db9c-4816-ad04-9718848056a2}</UniqueIdentifier>
    </Filter>
    <Filter Include="Source Files\CloudProjection">
      <UniqueIdentifier>{a0e68897-fa71-48a1-9bee-6278deeaa1cd}</UniqueIdentifier>
    </Filter>
    <Filter Include="Source Files\CloudDiffChecker">
      <UniqueIdentifier>{53a624ba-2f01-469c-9ae6-c012053f4995}</UniqueIdentifier>
    </Filter>
  </ItemGroup>
  <ItemGroup>
    <ClCompile Include="..\Configurations.cpp">
      <Filter>Source Files\Configurations</Filter>
    </ClCompile>
    <ClCompile Include="..\matching.cpp">
      <Filter>Source Files\Matching</Filter>
    </ClCompile>
    <ClCompile Include="..\CloudProjection.cpp">
      <Filter>Source Files\CloudProjection</Filter>
    </ClCompile>
    <ClCompile Include="..\CloudDiffChecker.cpp">
      <Filter>Source Files\CloudDiffChecker</Filter>
    </ClCompile>
  </ItemGroup>
  <ItemGroup>
    <ClInclude Include="..\Configurations.h">
      <Filter>Source Files\Configurations</Filter>
    </ClInclude>
    <ClInclude Include="..\matching.h">
      <Filter>Source Files\Matching</Filter>
    </ClInclude>
    <ClInclude Include="..\CloudProjection.h">
      <Filter>Source Files\CloudProjection</Filter>
    </ClInclude>
    <ClInclude Include="..\CloudDiffChecker.h">
      <Filter>Source Files\CloudDiffChecker</Filter>
    </ClInclude>
  </ItemGroup>
</Project>